// !$*UTF8*$!
{
	archiveVersion = 1;
	classes = {
	};
	objectVersion = 46;
	objects = {

/* Begin PBXBuildFile section */
		43AE84471C0FBC000019CA95 /* AppDelegate.swift in Sources */ = {isa = PBXBuildFile; fileRef = 43AE84461C0FBC000019CA95 /* AppDelegate.swift */; };
		43AE84491C0FBC000019CA95 /* ViewController.swift in Sources */ = {isa = PBXBuildFile; fileRef = 43AE84481C0FBC000019CA95 /* ViewController.swift */; };
		43AE844C1C0FBC000019CA95 /* Main.storyboard in Resources */ = {isa = PBXBuildFile; fileRef = 43AE844A1C0FBC000019CA95 /* Main.storyboard */; };
		43AE844E1C0FBC000019CA95 /* Assets.xcassets in Resources */ = {isa = PBXBuildFile; fileRef = 43AE844D1C0FBC000019CA95 /* Assets.xcassets */; };
		43AE84511C0FBC000019CA95 /* LaunchScreen.storyboard in Resources */ = {isa = PBXBuildFile; fileRef = 43AE844F1C0FBC000019CA95 /* LaunchScreen.storyboard */; };
		43AE845C1C0FBC000019CA95 /* pruebaGitTests.swift in Sources */ = {isa = PBXBuildFile; fileRef = 43AE845B1C0FBC000019CA95 /* pruebaGitTests.swift */; };
		43AE84671C0FBC000019CA95 /* pruebaGitUITests.swift in Sources */ = {isa = PBXBuildFile; fileRef = 43AE84661C0FBC000019CA95 /* pruebaGitUITests.swift */; };
/* End PBXBuildFile section */

/* Begin PBXContainerItemProxy section */
		43AE84581C0FBC000019CA95 /* PBXContainerItemProxy */ = {
			isa = PBXContainerItemProxy;
			containerPortal = 43AE843B1C0FBBFF0019CA95 /* Project object */;
			proxyType = 1;
			remoteGlobalIDString = 43AE84421C0FBBFF0019CA95;
			remoteInfo = pruebaGit;
		};
		43AE84631C0FBC000019CA95 /* PBXContainerItemProxy */ = {
			isa = PBXContainerItemProxy;
			containerPortal = 43AE843B1C0FBBFF0019CA95 /* Project object */;
			proxyType = 1;
			remoteGlobalIDString = 43AE84421C0FBBFF0019CA95;
			remoteInfo = pruebaGit;
		};
/* End PBXContainerItemProxy section */

/* Begin PBXFileReference section */
		43AE84431C0FBC000019CA95 /* pruebaGit.app */ = {isa = PBXFileReference; explicitFileType = wrapper.application; includeInIndex = 0; path = pruebaGit.app; sourceTree = BUILT_PRODUCTS_DIR; };
		43AE84461C0FBC000019CA95 /* AppDelegate.swift */ = {isa = PBXFileReference; lastKnownFileType = sourcecode.swift; path = AppDelegate.swift; sourceTree = "<group>"; };
		43AE84481C0FBC000019CA95 /* ViewController.swift */ = {isa = PBXFileReference; lastKnownFileType = sourcecode.swift; path = ViewController.swift; sourceTree = "<group>"; };
		43AE844B1C0FBC000019CA95 /* Base */ = {isa = PBXFileReference; lastKnownFileType = file.storyboard; name = Base; path = Base.lproj/Main.storyboard; sourceTree = "<group>"; };
		43AE844D1C0FBC000019CA95 /* Assets.xcassets */ = {isa = PBXFileReference; lastKnownFileType = folder.assetcatalog; path = Assets.xcassets; sourceTree = "<group>"; };
		43AE84501C0FBC000019CA95 /* Base */ = {isa = PBXFileReference; lastKnownFileType = file.storyboard; name = Base; path = Base.lproj/LaunchScreen.storyboard; sourceTree = "<group>"; };
		43AE84521C0FBC000019CA95 /* Info.plist */ = {isa = PBXFileReference; lastKnownFileType = text.plist.xml; path = Info.plist; sourceTree = "<group>"; };
		43AE84571C0FBC000019CA95 /* pruebaGitTests.xctest */ = {isa = PBXFileReference; explicitFileType = wrapper.cfbundle; includeInIndex = 0; path = pruebaGitTests.xctest; sourceTree = BUILT_PRODUCTS_DIR; };
		43AE845B1C0FBC000019CA95 /* pruebaGitTests.swift */ = {isa = PBXFileReference; lastKnownFileType = sourcecode.swift; path = pruebaGitTests.swift; sourceTree = "<group>"; };
		43AE845D1C0FBC000019CA95 /* Info.plist */ = {isa = PBXFileReference; lastKnownFileType = text.plist.xml; path = Info.plist; sourceTree = "<group>"; };
		43AE84621C0FBC000019CA95 /* pruebaGitUITests.xctest */ = {isa = PBXFileReference; explicitFileType = wrapper.cfbundle; includeInIndex = 0; path = pruebaGitUITests.xctest; sourceTree = BUILT_PRODUCTS_DIR; };
		43AE84661C0FBC000019CA95 /* pruebaGitUITests.swift */ = {isa = PBXFileReference; lastKnownFileType = sourcecode.swift; path = pruebaGitUITests.swift; sourceTree = "<group>"; };
		43AE84681C0FBC000019CA95 /* Info.plist */ = {isa = PBXFileReference; lastKnownFileType = text.plist.xml; path = Info.plist; sourceTree = "<group>"; };
/* End PBXFileReference section */

/* Begin PBXFrameworksBuildPhase section */
		43AE84401C0FBBFF0019CA95 /* Frameworks */ = {
			isa = PBXFrameworksBuildPhase;
			buildActionMask = 2147483647;
			files = (
			);
			runOnlyForDeploymentPostprocessing = 0;
		};
		43AE84541C0FBC000019CA95 /* Frameworks */ = {
			isa = PBXFrameworksBuildPhase;
			buildActionMask = 2147483647;
			files = (
			);
			runOnlyForDeploymentPostprocessing = 0;
		};
		43AE845F1C0FBC000019CA95 /* Frameworks */ = {
			isa = PBXFrameworksBuildPhase;
			buildActionMask = 2147483647;
			files = (
			);
			runOnlyForDeploymentPostprocessing = 0;
		};
/* End PBXFrameworksBuildPhase section */

/* Begin PBXGroup section */
		43AE843A1C0FBBFF0019CA95 = {
			isa = PBXGroup;
			children = (
				43AE84451C0FBC000019CA95 /* pruebaGit */,
				43AE845A1C0FBC000019CA95 /* pruebaGitTests */,
				43AE84651C0FBC000019CA95 /* pruebaGitUITests */,
				43AE84441C0FBC000019CA95 /* Products */,
			);
			sourceTree = "<group>";
		};
		43AE84441C0FBC000019CA95 /* Products */ = {
			isa = PBXGroup;
			children = (
				43AE84431C0FBC000019CA95 /* pruebaGit.app */,
				43AE84571C0FBC000019CA95 /* pruebaGitTests.xctest */,
				43AE84621C0FBC000019CA95 /* pruebaGitUITests.xctest */,
			);
			name = Products;
			sourceTree = "<group>";
		};
		43AE84451C0FBC000019CA95 /* pruebaGit */ = {
			isa = PBXGroup;
			children = (
				43AE84461C0FBC000019CA95 /* AppDelegate.swift */,
				43AE84481C0FBC000019CA95 /* ViewController.swift */,
				43AE844A1C0FBC000019CA95 /* Main.storyboard */,
				43AE844D1C0FBC000019CA95 /* Assets.xcassets */,
				43AE844F1C0FBC000019CA95 /* LaunchScreen.storyboard */,
				43AE84521C0FBC000019CA95 /* Info.plist */,
			);
			path = pruebaGit;
			sourceTree = "<group>";
		};
		43AE845A1C0FBC000019CA95 /* pruebaGitTests */ = {
			isa = PBXGroup;
			children = (
				43AE845B1C0FBC000019CA95 /* pruebaGitTests.swift */,
				43AE845D1C0FBC000019CA95 /* Info.plist */,
			);
			path = pruebaGitTests;
			sourceTree = "<group>";
		};
		43AE84651C0FBC000019CA95 /* pruebaGitUITests */ = {
			isa = PBXGroup;
			children = (
				43AE84661C0FBC000019CA95 /* pruebaGitUITests.swift */,
				43AE84681C0FBC000019CA95 /* Info.plist */,
			);
			path = pruebaGitUITests;
			sourceTree = "<group>";
		};
/* End PBXGroup section */

/* Begin PBXNativeTarget section */
		43AE84421C0FBBFF0019CA95 /* pruebaGit */ = {
			isa = PBXNativeTarget;
			buildConfigurationList = 43AE846B1C0FBC000019CA95 /* Build configuration list for PBXNativeTarget "pruebaGit" */;
			buildPhases = (
				43AE843F1C0FBBFF0019CA95 /* Sources */,
				43AE84401C0FBBFF0019CA95 /* Frameworks */,
				43AE84411C0FBBFF0019CA95 /* Resources */,
			);
			buildRules = (
			);
			dependencies = (
			);
			name = pruebaGit;
			productName = pruebaGit;
			productReference = 43AE84431C0FBC000019CA95 /* pruebaGit.app */;
			productType = "com.apple.product-type.application";
		};
		43AE84561C0FBC000019CA95 /* pruebaGitTests */ = {
			isa = PBXNativeTarget;
			buildConfigurationList = 43AE846E1C0FBC000019CA95 /* Build configuration list for PBXNativeTarget "pruebaGitTests" */;
			buildPhases = (
				43AE84531C0FBC000019CA95 /* Sources */,
				43AE84541C0FBC000019CA95 /* Frameworks */,
				43AE84551C0FBC000019CA95 /* Resources */,
			);
			buildRules = (
			);
			dependencies = (
				43AE84591C0FBC000019CA95 /* PBXTargetDependency */,
			);
			name = pruebaGitTests;
			productName = pruebaGitTests;
			productReference = 43AE84571C0FBC000019CA95 /* pruebaGitTests.xctest */;
			productType = "com.apple.product-type.bundle.unit-test";
		};
		43AE84611C0FBC000019CA95 /* pruebaGitUITests */ = {
			isa = PBXNativeTarget;
			buildConfigurationList = 43AE84711C0FBC000019CA95 /* Build configuration list for PBXNativeTarget "pruebaGitUITests" */;
			buildPhases = (
				43AE845E1C0FBC000019CA95 /* Sources */,
				43AE845F1C0FBC000019CA95 /* Frameworks */,
				43AE84601C0FBC000019CA95 /* Resources */,
			);
			buildRules = (
			);
			dependencies = (
				43AE84641C0FBC000019CA95 /* PBXTargetDependency */,
			);
			name = pruebaGitUITests;
			productName = pruebaGitUITests;
			productReference = 43AE84621C0FBC000019CA95 /* pruebaGitUITests.xctest */;
			productType = "com.apple.product-type.bundle.ui-testing";
		};
/* End PBXNativeTarget section */

/* Begin PBXProject section */
		43AE843B1C0FBBFF0019CA95 /* Project object */ = {
			isa = PBXProject;
			attributes = {
				LastSwiftUpdateCheck = 0710;
				LastUpgradeCheck = 0710;
				ORGANIZATIONNAME = Tushtu;
				TargetAttributes = {
					43AE84421C0FBBFF0019CA95 = {
						CreatedOnToolsVersion = 7.1.1;
					};
					43AE84561C0FBC000019CA95 = {
						CreatedOnToolsVersion = 7.1.1;
						TestTargetID = 43AE84421C0FBBFF0019CA95;
					};
					43AE84611C0FBC000019CA95 = {
						CreatedOnToolsVersion = 7.1.1;
						TestTargetID = 43AE84421C0FBBFF0019CA95;
					};
				};
			};
			buildConfigurationList = 43AE843E1C0FBBFF0019CA95 /* Build configuration list for PBXProject "pruebaGit" */;
			compatibilityVersion = "Xcode 3.2";
			developmentRegion = English;
			hasScannedForEncodings = 0;
			knownRegions = (
				en,
				Base,
			);
			mainGroup = 43AE843A1C0FBBFF0019CA95;
			productRefGroup = 43AE84441C0FBC000019CA95 /* Products */;
			projectDirPath = "";
			projectRoot = "";
			targets = (
				43AE84421C0FBBFF0019CA95 /* pruebaGit */,
				43AE84561C0FBC000019CA95 /* pruebaGitTests */,
				43AE84611C0FBC000019CA95 /* pruebaGitUITests */,
			);
		};
/* End PBXProject section */

/* Begin PBXResourcesBuildPhase section */
		43AE84411C0FBBFF0019CA95 /* Resources */ = {
			isa = PBXResourcesBuildPhase;
			buildActionMask = 2147483647;
			files = (
				43AE84511C0FBC000019CA95 /* LaunchScreen.storyboard in Resources */,
				43AE844E1C0FBC000019CA95 /* Assets.xcassets in Resources */,
				43AE844C1C0FBC000019CA95 /* Main.storyboard in Resources */,
			);
			runOnlyForDeploymentPostprocessing = 0;
		};
		43AE84551C0FBC000019CA95 /* Resources */ = {
			isa = PBXResourcesBuildPhase;
			buildActionMask = 2147483647;
			files = (
			);
			runOnlyForDeploymentPostprocessing = 0;
		};
		43AE84601C0FBC000019CA95 /* Resources */ = {
			isa = PBXResourcesBuildPhase;
			buildActionMask = 2147483647;
			files = (
			);
			runOnlyForDeploymentPostprocessing = 0;
		};
/* End PBXResourcesBuildPhase section */

/* Begin PBXSourcesBuildPhase section */
		43AE843F1C0FBBFF0019CA95 /* Sources */ = {
			isa = PBXSourcesBuildPhase;
			buildActionMask = 2147483647;
			files = (
				43AE84491C0FBC000019CA95 /* ViewController.swift in Sources */,
				43AE84471C0FBC000019CA95 /* AppDelegate.swift in Sources */,
			);
			runOnlyForDeploymentPostprocessing = 0;
		};
		43AE84531C0FBC000019CA95 /* Sources */ = {
			isa = PBXSourcesBuildPhase;
			buildActionMask = 2147483647;
			files = (
				43AE845C1C0FBC000019CA95 /* pruebaGitTests.swift in Sources */,
			);
			runOnlyForDeploymentPostprocessing = 0;
		};
		43AE845E1C0FBC000019CA95 /* Sources */ = {
			isa = PBXSourcesBuildPhase;
			buildActionMask = 2147483647;
			files = (
				43AE84671C0FBC000019CA95 /* pruebaGitUITests.swift in Sources */,
			);
			runOnlyForDeploymentPostprocessing = 0;
		};
/* End PBXSourcesBuildPhase section */

/* Begin PBXTargetDependency section */
		43AE84591C0FBC000019CA95 /* PBXTargetDependency */ = {
			isa = PBXTargetDependency;
			target = 43AE84421C0FBBFF0019CA95 /* pruebaGit */;
			targetProxy = 43AE84581C0FBC000019CA95 /* PBXContainerItemProxy */;
		};
		43AE84641C0FBC000019CA95 /* PBXTargetDependency */ = {
			isa = PBXTargetDependency;
			target = 43AE84421C0FBBFF0019CA95 /* pruebaGit */;
			targetProxy = 43AE84631C0FBC000019CA95 /* PBXContainerItemProxy */;
		};
/* End PBXTargetDependency section */

/* Begin PBXVariantGroup section */
		43AE844A1C0FBC000019CA95 /* Main.storyboard */ = {
			isa = PBXVariantGroup;
			children = (
				43AE844B1C0FBC000019CA95 /* Base */,
			);
			name = Main.storyboard;
			sourceTree = "<group>";
		};
		43AE844F1C0FBC000019CA95 /* LaunchScreen.storyboard */ = {
			isa = PBXVariantGroup;
			children = (
				43AE84501C0FBC000019CA95 /* Base */,
			);
			name = LaunchScreen.storyboard;
			sourceTree = "<group>";
		};
/* End PBXVariantGroup section */

/* Begin XCBuildConfiguration section */
		43AE84691C0FBC000019CA95 /* Debug */ = {
			isa = XCBuildConfiguration;
			buildSettings = {
				ALWAYS_SEARCH_USER_PATHS = NO;
				CLANG_CXX_LANGUAGE_STANDARD = "gnu++0x";
				CLANG_CXX_LIBRARY = "libc++";
				CLANG_ENABLE_MODULES = YES;
				CLANG_ENABLE_OBJC_ARC = YES;
				CLANG_WARN_BOOL_CONVERSION = YES;
				CLANG_WARN_CONSTANT_CONVERSION = YES;
				CLANG_WARN_DIRECT_OBJC_ISA_USAGE = YES_ERROR;
				CLANG_WARN_EMPTY_BODY = YES;
				CLANG_WARN_ENUM_CONVERSION = YES;
				CLANG_WARN_INT_CONVERSION = YES;
				CLANG_WARN_OBJC_ROOT_CLASS = YES_ERROR;
				CLANG_WARN_UNREACHABLE_CODE = YES;
				CLANG_WARN__DUPLICATE_METHOD_MATCH = YES;
				"CODE_SIGN_IDENTITY[sdk=iphoneos*]" = "iPhone Developer";
				COPY_PHASE_STRIP = NO;
				DEBUG_INFORMATION_FORMAT = dwarf;
				ENABLE_STRICT_OBJC_MSGSEND = YES;
				ENABLE_TESTABILITY = YES;
				GCC_C_LANGUAGE_STANDARD = gnu99;
				GCC_DYNAMIC_NO_PIC = NO;
				GCC_NO_COMMON_BLOCKS = YES;
				GCC_OPTIMIZATION_LEVEL = 0;
				GCC_PREPROCESSOR_DEFINITIONS = (
					"DEBUG=1",
					"$(inherited)",
				);
				GCC_WARN_64_TO_32_BIT_CONVERSION = YES;
				GCC_WARN_ABOUT_RETURN_TYPE = YES_ERROR;
				GCC_WARN_UNDECLARED_SELECTOR = YES;
				GCC_WARN_UNINITIALIZED_AUTOS = YES_AGGRESSIVE;
				GCC_WARN_UNUSED_FUNCTION = YES;
				GCC_WARN_UNUSED_VARIABLE = YES;
				IPHONEOS_DEPLOYMENT_TARGET = 9.1;
				MTL_ENABLE_DEBUG_INFO = YES;
				ONLY_ACTIVE_ARCH = YES;
				SDKROOT = iphoneos;
				SWIFT_OPTIMIZATION_LEVEL = "-Onone";
			};
			name = Debug;
		};
		43AE846A1C0FBC000019CA95 /* Release */ = {
			isa = XCBuildConfiguration;
			buildSettings = {
				ALWAYS_SEARCH_USER_PATHS = NO;
				CLANG_CXX_LANGUAGE_STANDARD = "gnu++0x";
				CLANG_CXX_LIBRARY = "libc++";
				CLANG_ENABLE_MODULES = YES;
				CLANG_ENABLE_OBJC_ARC = YES;
				CLANG_WARN_BOOL_CONVERSION = YES;
				CLANG_WARN_CONSTANT_CONVERSION = YES;
				CLANG_WARN_DIRECT_OBJC_ISA_USAGE = YES_ERROR;
				CLANG_WARN_EMPTY_BODY = YES;
				CLANG_WARN_ENUM_CONVERSION = YES;
				CLANG_WARN_INT_CONVERSION = YES;
				CLANG_WARN_OBJC_ROOT_CLASS = YES_ERROR;
				CLANG_WARN_UNREACHABLE_CODE = YES;
				CLANG_WARN__DUPLICATE_METHOD_MATCH = YES;
				"CODE_SIGN_IDENTITY[sdk=iphoneos*]" = "iPhone Developer";
				COPY_PHASE_STRIP = NO;
				DEBUG_INFORMATION_FORMAT = "dwarf-with-dsym";
				ENABLE_NS_ASSERTIONS = NO;
				ENABLE_STRICT_OBJC_MSGSEND = YES;
				GCC_C_LANGUAGE_STANDARD = gnu99;
				GCC_NO_COMMON_BLOCKS = YES;
				GCC_WARN_64_TO_32_BIT_CONVERSION = YES;
				GCC_WARN_ABOUT_RETURN_TYPE = YES_ERROR;
				GCC_WARN_UNDECLARED_SELECTOR = YES;
				GCC_WARN_UNINITIALIZED_AUTOS = YES_AGGRESSIVE;
				GCC_WARN_UNUSED_FUNCTION = YES;
				GCC_WARN_UNUSED_VARIABLE = YES;
				IPHONEOS_DEPLOYMENT_TARGET = 9.1;
				MTL_ENABLE_DEBUG_INFO = NO;
				SDKROOT = iphoneos;
				VALIDATE_PRODUCT = YES;
			};
			name = Release;
		};
		43AE846C1C0FBC000019CA95 /* Debug */ = {
			isa = XCBuildConfiguration;
			buildSettings = {
				ASSETCATALOG_COMPILER_APPICON_NAME = AppIcon;
				INFOPLIST_FILE = pruebaGit/Info.plist;
				LD_RUNPATH_SEARCH_PATHS = "$(inherited) @executable_path/Frameworks";
				PRODUCT_BUNDLE_IDENTIFIER = tushtu.pruebaGit;
				PRODUCT_NAME = "$(TARGET_NAME)";
			};
			name = Debug;
		};
		43AE846D1C0FBC000019CA95 /* Release */ = {
			isa = XCBuildConfiguration;
			buildSettings = {
				ASSETCATALOG_COMPILER_APPICON_NAME = AppIcon;
				INFOPLIST_FILE = pruebaGit/Info.plist;
				LD_RUNPATH_SEARCH_PATHS = "$(inherited) @executable_path/Frameworks";
				PRODUCT_BUNDLE_IDENTIFIER = tushtu.pruebaGit;
				PRODUCT_NAME = "$(TARGET_NAME)";
			};
			name = Release;
		};
		43AE846F1C0FBC000019CA95 /* Debug */ = {
			isa = XCBuildConfiguration;
			buildSettings = {
				BUNDLE_LOADER = "$(TEST_HOST)";
				INFOPLIST_FILE = pruebaGitTests/Info.plist;
				LD_RUNPATH_SEARCH_PATHS = "$(inherited) @executable_path/Frameworks @loader_path/Frameworks";
				PRODUCT_BUNDLE_IDENTIFIER = tushtu.pruebaGitTests;
				PRODUCT_NAME = "$(TARGET_NAME)";
				TEST_HOST = "$(BUILT_PRODUCTS_DIR)/pruebaGit.app/pruebaGit";
			};
			name = Debug;
		};
		43AE84701C0FBC000019CA95 /* Release */ = {
			isa = XCBuildConfiguration;
			buildSettings = {
				BUNDLE_LOADER = "$(TEST_HOST)";
				INFOPLIST_FILE = pruebaGitTests/Info.plist;
				LD_RUNPATH_SEARCH_PATHS = "$(inherited) @executable_path/Frameworks @loader_path/Frameworks";
				PRODUCT_BUNDLE_IDENTIFIER = tushtu.pruebaGitTests;
				PRODUCT_NAME = "$(TARGET_NAME)";
				TEST_HOST = "$(BUILT_PRODUCTS_DIR)/pruebaGit.app/pruebaGit";
			};
			name = Release;
		};
		43AE84721C0FBC000019CA95 /* Debug */ = {
			isa = XCBuildConfiguration;
			buildSettings = {
				INFOPLIST_FILE = pruebaGitUITests/Info.plist;
				LD_RUNPATH_SEARCH_PATHS = "$(inherited) @executable_path/Frameworks @loader_path/Frameworks";
				PRODUCT_BUNDLE_IDENTIFIER = tushtu.pruebaGitUITests;
				PRODUCT_NAME = "$(TARGET_NAME)";
				TEST_TARGET_NAME = pruebaGit;
				USES_XCTRUNNER = YES;
			};
			name = Debug;
		};
		43AE84731C0FBC000019CA95 /* Release */ = {
			isa = XCBuildConfiguration;
			buildSettings = {
				INFOPLIST_FILE = pruebaGitUITests/Info.plist;
				LD_RUNPATH_SEARCH_PATHS = "$(inherited) @executable_path/Frameworks @loader_path/Frameworks";
				PRODUCT_BUNDLE_IDENTIFIER = tushtu.pruebaGitUITests;
				PRODUCT_NAME = "$(TARGET_NAME)";
				TEST_TARGET_NAME = pruebaGit;
				USES_XCTRUNNER = YES;
			};
			name = Release;
		};
/* End XCBuildConfiguration section */

/* Begin XCConfigurationList section */
		43AE843E1C0FBBFF0019CA95 /* Build configuration list for PBXProject "pruebaGit" */ = {
			isa = XCConfigurationList;
			buildConfigurations = (
				43AE84691C0FBC000019CA95 /* Debug */,
				43AE846A1C0FBC000019CA95 /* Release */,
			);
			defaultConfigurationIsVisible = 0;
			defaultConfigurationName = Release;
		};
		43AE846B1C0FBC000019CA95 /* Build configuration list for PBXNativeTarget "pruebaGit" */ = {
			isa = XCConfigurationList;
			buildConfigurations = (
				43AE846C1C0FBC000019CA95 /* Debug */,
				43AE846D1C0FBC000019CA95 /* Release */,
			);
			defaultConfigurationIsVisible = 0;
		};
		43AE846E1C0FBC000019CA95 /* Build configuration list for PBXNativeTarget "pruebaGitTests" */ = {
			isa = XCConfigurationList;
			buildConfigurations = (
				43AE846F1C0FBC000019CA95 /* Debug */,
				43AE84701C0FBC000019CA95 /* Release */,
			);
			defaultConfigurationIsVisible = 0;
		};
		43AE84711C0FBC000019CA95 /* Build configuration list for PBXNativeTarget "pruebaGitUITests" */ = {
			isa = XCConfigurationList;
			buildConfigurations = (
				43AE84721C0FBC000019CA95 /* Debug */,
				43AE84731C0FBC000019CA95 /* Release */,
			);
			defaultConfigurationIsVisible = 0;
		};
/* End XCConfigurationList section */
	};
	rootObject = 43AE843B1C0FBBFF0019CA95 /* Project object */;
}
